
Microsoft Visual Studio Solution File, Format Version 12.00
# Visual Studio 15
VisualStudioVersion = 15.0.26730.16
MinimumVisualStudioVersion = 10.0.40219.1
Project("{FAE04EC0-301F-11D3-BF4B-00C04F79EFBC}") = "zn1Web", "zn1Web\zn1Web.csproj", "{31E71F40-0818-4A45-8F56-27961B7449F2}"
EndProject
Project("{FAE04EC0-301F-11D3-BF4B-00C04F79EFBC}") = "zn1Web.Tests", "zn1Web.Tests\zn1Web.Tests.csproj", "{001A9FB3-A48F-4D55-8530-3FE0B6BFCA7B}"
EndProject
Global
	GlobalSection(SolutionConfigurationPlatforms) = preSolution
		Debug|Any CPU = Debug|Any CPU
		Release|Any CPU = Release|Any CPU
	EndGlobalSection
	GlobalSection(ProjectConfigurationPlatforms) = postSolution
		{31E71F40-0818-4A45-8F56-27961B7449F2}.Debug|Any CPU.ActiveCfg = Debug|Any CPU
		{31E71F40-0818-4A45-8F56-27961B7449F2}.Debug|Any CPU.Build.0 = Debug|Any CPU
		{31E71F40-0818-4A45-8F56-27961B7449F2}.Release|Any CPU.ActiveCfg = Release|Any CPU
		{31E71F40-0818-4A45-8F56-27961B7449F2}.Release|Any CPU.Build.0 = Release|Any CPU
		{001A9FB3-A48F-4D55-8530-3FE0B6BFCA7B}.Debug|Any CPU.ActiveCfg = Debug|Any CPU
		{001A9FB3-A48F-4D55-8530-3FE0B6BFCA7B}.Debug|Any CPU.Build.0 = Debug|Any CPU
		{001A9FB3-A48F-4D55-8530-3FE0B6BFCA7B}.Release|Any CPU.ActiveCfg = Release|Any CPU
		{001A9FB3-A48F-4D55-8530-3FE0B6BFCA7B}.Release|Any CPU.Build.0 = Release|Any CPU
	EndGlobalSection
	GlobalSection(SolutionProperties) = preSolution
		HideSolutionNode = FALSE
	EndGlobalSection
	GlobalSection(ExtensibilityGlobals) = postSolution
		SolutionGuid = {DD050FB6-BA59-41DD-AF20-B30F3E333FA6}
	EndGlobalSection
EndGlobal
